
Microsoft Visual Studio Solution File, Format Version 12.00
# Visual Studio Version 17
VisualStudioVersion = 17.0.32002.185
MinimumVisualStudioVersion = 10.0.40219.1
Project("{FAE04EC0-301F-11D3-BF4B-00C04F79EFBC}") = "ED.PdfServices", "ED.PdfServices\ED.PdfServices.csproj", "{D5790D5E-442B-469B-A527-47818E8607CE}"
EndProject
Global
	GlobalSection(SolutionConfigurationPlatforms) = preSolution
		Debug|Any CPU = Debug|Any CPU
		EGovTestV2|Any CPU = EGovTestV2|Any CPU
		ProdV2|Any CPU = ProdV2|Any CPU
		Release|Any CPU = Release|Any CPU
	EndGlobalSection
	GlobalSection(ProjectConfigurationPlatforms) = postSolution
		{D5790D5E-442B-469B-A527-47818E8607CE}.Debug|Any CPU.ActiveCfg = Debug|Any CPU
		{D5790D5E-442B-469B-A527-47818E8607CE}.Debug|Any CPU.Build.0 = Debug|Any CPU
		{D5790D5E-442B-469B-A527-47818E8607CE}.EGovTestV2|Any CPU.ActiveCfg = EGovTestV2|Any CPU
		{D5790D5E-442B-469B-A527-47818E8607CE}.EGovTestV2|Any CPU.Build.0 = EGovTestV2|Any CPU
		{D5790D5E-442B-469B-A527-47818E8607CE}.ProdV2|Any CPU.ActiveCfg = ProdV2|Any CPU
		{D5790D5E-442B-469B-A527-47818E8607CE}.ProdV2|Any CPU.Build.0 = ProdV2|Any CPU
		{D5790D5E-442B-469B-A527-47818E8607CE}.Release|Any CPU.ActiveCfg = Release|Any CPU
		{D5790D5E-442B-469B-A527-47818E8607CE}.Release|Any CPU.Build.0 = Release|Any CPU
	EndGlobalSection
	GlobalSection(SolutionProperties) = preSolution
		HideSolutionNode = FALSE
	EndGlobalSection
	GlobalSection(ExtensibilityGlobals) = postSolution
		SolutionGuid = {2B031D5B-DDED-4D4E-9E21-61C3DC41F34D}
	EndGlobalSection
EndGlobal
